// !$*UTF8*$!
{
	archiveVersion = 1;
	classes = {
	};
	objectVersion = 50;
	objects = {

/* Begin PBXBuildFile section */
		D4EEB060219451D300F86DFA /* AppDelegate.swift in Sources */ = {isa = PBXBuildFile; fileRef = D4EEB05F219451D300F86DFA /* AppDelegate.swift */; };
		D4EEB065219451D300F86DFA /* Main.storyboard in Resources */ = {isa = PBXBuildFile; fileRef = D4EEB063219451D300F86DFA /* Main.storyboard */; };
		D4EEB067219451D500F86DFA /* Assets.xcassets in Resources */ = {isa = PBXBuildFile; fileRef = D4EEB066219451D500F86DFA /* Assets.xcassets */; };
		D4EEB06A219451D500F86DFA /* LaunchScreen.storyboard in Resources */ = {isa = PBXBuildFile; fileRef = D4EEB068219451D500F86DFA /* LaunchScreen.storyboard */; };
		D4EEB0722194521E00F86DFA /* ExamenTableViewController.swift in Sources */ = {isa = PBXBuildFile; fileRef = D4EEB0712194521E00F86DFA /* ExamenTableViewController.swift */; };
		D4EEB0762194631800F86DFA /* ItemTableViewCell.swift in Sources */ = {isa = PBXBuildFile; fileRef = D4EEB0752194631800F86DFA /* ItemTableViewCell.swift */; };
/* End PBXBuildFile section */

/* Begin PBXFileReference section */
		D4EEB05C219451D300F86DFA /* Examen 212.app */ = {isa = PBXFileReference; explicitFileType = wrapper.application; includeInIndex = 0; path = "Examen 212.app"; sourceTree = BUILT_PRODUCTS_DIR; };
		D4EEB05F219451D300F86DFA /* AppDelegate.swift */ = {isa = PBXFileReference; lastKnownFileType = sourcecode.swift; path = AppDelegate.swift; sourceTree = "<group>"; };
		D4EEB064219451D300F86DFA /* Base */ = {isa = PBXFileReference; lastKnownFileType = file.storyboard; name = Base; path = Base.lproj/Main.storyboard; sourceTree = "<group>"; };
		D4EEB066219451D500F86DFA /* Assets.xcassets */ = {isa = PBXFileReference; lastKnownFileType = folder.assetcatalog; path = Assets.xcassets; sourceTree = "<group>"; };
		D4EEB069219451D500F86DFA /* Base */ = {isa = PBXFileReference; lastKnownFileType = file.storyboard; name = Base; path = Base.lproj/LaunchScreen.storyboard; sourceTree = "<group>"; };
		D4EEB06B219451D500F86DFA /* Info.plist */ = {isa = PBXFileReference; lastKnownFileType = text.plist.xml; path = Info.plist; sourceTree = "<group>"; };
		D4EEB0712194521E00F86DFA /* ExamenTableViewController.swift */ = {isa = PBXFileReference; lastKnownFileType = sourcecode.swift; path = ExamenTableViewController.swift; sourceTree = "<group>"; };
		D4EEB0752194631800F86DFA /* ItemTableViewCell.swift */ = {isa = PBXFileReference; lastKnownFileType = sourcecode.swift; path = ItemTableViewCell.swift; sourceTree = "<group>"; };
/* End PBXFileReference section */

/* Begin PBXFrameworksBuildPhase section */
		D4EEB059219451D300F86DFA /* Frameworks */ = {
			isa = PBXFrameworksBuildPhase;
			buildActionMask = 2147483647;
			files = (
			);
			runOnlyForDeploymentPostprocessing = 0;
		};
/* End PBXFrameworksBuildPhase section */

/* Begin PBXGroup section */
		D4EEB053219451D300F86DFA = {
			isa = PBXGroup;
			children = (
				D4EEB05E219451D300F86DFA /* Examen 212 */,
				D4EEB05D219451D300F86DFA /* Products */,
			);
			sourceTree = "<group>";
		};
		D4EEB05D219451D300F86DFA /* Products */ = {
			isa = PBXGroup;
			children = (
				D4EEB05C219451D300F86DFA /* Examen 212.app */,
			);
			name = Products;
			sourceTree = "<group>";
		};
		D4EEB05E219451D300F86DFA /* Examen 212 */ = {
			isa = PBXGroup;
			children = (
				D4EEB05F219451D300F86DFA /* AppDelegate.swift */,
				D4EEB0752194631800F86DFA /* ItemTableViewCell.swift */,
				D4EEB0712194521E00F86DFA /* ExamenTableViewController.swift */,
				D4EEB063219451D300F86DFA /* Main.storyboard */,
				D4EEB066219451D500F86DFA /* Assets.xcassets */,
				D4EEB068219451D500F86DFA /* LaunchScreen.storyboard */,
				D4EEB06B219451D500F86DFA /* Info.plist */,
			);
			path = "Examen 212";
			sourceTree = "<group>";
		};
/* End PBXGroup section */

/* Begin PBXNativeTarget section */
		D4EEB05B219451D300F86DFA /* Examen 212 */ = {
			isa = PBXNativeTarget;
			buildConfigurationList = D4EEB06E219451D500F86DFA /* Build configuration list for PBXNativeTarget "Examen 212" */;
			buildPhases = (
				D4EEB058219451D300F86DFA /* Sources */,
				D4EEB059219451D300F86DFA /* Frameworks */,
				D4EEB05A219451D300F86DFA /* Resources */,
			);
			buildRules = (
			);
			dependencies = (
			);
			name = "Examen 212";
			productName = "Examen 212";
			productReference = D4EEB05C219451D300F86DFA /* Examen 212.app */;
			productType = "com.apple.product-type.application";
		};
/* End PBXNativeTarget section */

/* Begin PBXProject section */
		D4EEB054219451D300F86DFA /* Project object */ = {
			isa = PBXProject;
			attributes = {
				LastSwiftUpdateCheck = 1010;
				LastUpgradeCheck = 1010;
				ORGANIZATIONNAME = Rodri;
				TargetAttributes = {
					D4EEB05B219451D300F86DFA = {
						CreatedOnToolsVersion = 10.1;
					};
				};
			};
			buildConfigurationList = D4EEB057219451D300F86DFA /* Build configuration list for PBXProject "Examen 212" */;
			compatibilityVersion = "Xcode 9.3";
			developmentRegion = en;
			hasScannedForEncodings = 0;
			knownRegions = (
				en,
				Base,
			);
			mainGroup = D4EEB053219451D300F86DFA;
			productRefGroup = D4EEB05D219451D300F86DFA /* Products */;
			projectDirPath = "";
			projectRoot = "";
			targets = (
				D4EEB05B219451D300F86DFA /* Examen 212 */,
			);
		};
/* End PBXProject section */

/* Begin PBXResourcesBuildPhase section */
		D4EEB05A219451D300F86DFA /* Resources */ = {
			isa = PBXResourcesBuildPhase;
			buildActionMask = 2147483647;
			files = (
				D4EEB06A219451D500F86DFA /* LaunchScreen.storyboard in Resources */,
				D4EEB067219451D500F86DFA /* Assets.xcassets in Resources */,
				D4EEB065219451D300F86DFA /* Main.storyboard in Resources */,
			);
			runOnlyForDeploymentPostprocessing = 0;
		};
/* End PBXResourcesBuildPhase section */

/* Begin PBXSourcesBuildPhase section */
		D4EEB058219451D300F86DFA /* Sources */ = {
			isa = PBXSourcesBuildPhase;
			buildActionMask = 2147483647;
			files = (
				D4EEB060219451D300F86DFA /* AppDelegate.swift in Sources */,
				D4EEB0762194631800F86DFA /* ItemTableViewCell.swift in Sources */,
				D4EEB0722194521E00F86DFA /* ExamenTableViewController.swift in Sources */,
			);
			runOnlyForDeploymentPostprocessing = 0;
		};
/* End PBXSourcesBuildPhase section */

/* Begin PBXVariantGroup section */
		D4EEB063219451D300F86DFA /* Main.storyboard */ = {
			isa = PBXVariantGroup;
			children = (
				D4EEB064219451D300F86DFA /* Base */,
			);
			name = Main.storyboard;
			sourceTree = "<group>";
		};
		D4EEB068219451D500F86DFA /* LaunchScreen.storyboard */ = {
			isa = PBXVariantGroup;
			children = (
				D4EEB069219451D500F86DFA /* Base */,
			);
			name = LaunchScreen.storyboard;
			sourceTree = "<group>";
		};
/* End PBXVariantGroup section */

/* Begin XCBuildConfiguration section */
		D4EEB06C219451D500F86DFA /* Debug */ = {
			isa = XCBuildConfiguration;
			buildSettings = {
				ALWAYS_SEARCH_USER_PATHS = NO;
				CLANG_ANALYZER_NONNULL = YES;
				CLANG_ANALYZER_NUMBER_OBJECT_CONVERSION = YES_AGGRESSIVE;
				CLANG_CXX_LANGUAGE_STANDARD = "gnu++14";
				CLANG_CXX_LIBRARY = "libc++";
				CLANG_ENABLE_MODULES = YES;
				CLANG_ENABLE_OBJC_ARC = YES;
				CLANG_ENABLE_OBJC_WEAK = YES;
				CLANG_WARN_BLOCK_CAPTURE_AUTORELEASING = YES;
				CLANG_WARN_BOOL_CONVERSION = YES;
				CLANG_WARN_COMMA = YES;
				CLANG_WARN_CONSTANT_CONVERSION = YES;
				CLANG_WARN_DEPRECATED_OBJC_IMPLEMENTATIONS = YES;
				CLANG_WARN_DIRECT_OBJC_ISA_USAGE = YES_ERROR;
				CLANG_WARN_DOCUMENTATION_COMMENTS = YES;
				CLANG_WARN_EMPTY_BODY = YES;
				CLANG_WARN_ENUM_CONVERSION = YES;
				CLANG_WARN_INFINITE_RECURSION = YES;
				CLANG_WARN_INT_CONVERSION = YES;
				CLANG_WARN_NON_LITERAL_NULL_CONVERSION = YES;
				CLANG_WARN_OBJC_IMPLICIT_RETAIN_SELF = YES;
				CLANG_WARN_OBJC_LITERAL_CONVERSION = YES;
				CLANG_WARN_OBJC_ROOT_CLASS = YES_ERROR;
				CLANG_WARN_RANGE_LOOP_ANALYSIS = YES;
				CLANG_WARN_STRICT_PROTOTYPES = YES;
				CLANG_WARN_SUSPICIOUS_MOVE = YES;
				CLANG_WARN_UNGUARDED_AVAILABILITY = YES_AGGRESSIVE;
				CLANG_WARN_UNREACHABLE_CODE = YES;
				CLANG_WARN__DUPLICATE_METHOD_MATCH = YES;
				CODE_SIGN_IDENTITY = "iPhone Developer";
				COPY_PHASE_STRIP = NO;
				DEBUG_INFORMATION_FORMAT = dwarf;
				ENABLE_STRICT_OBJC_MSGSEND = YES;
				ENABLE_TESTABILITY = YES;
				GCC_C_LANGUAGE_STANDARD = gnu11;
				GCC_DYNAMIC_NO_PIC = NO;
				GCC_NO_COMMON_BLOCKS = YES;
				GCC_OPTIMIZATION_LEVEL = 0;
				GCC_PREPROCESSOR_DEFINITIONS = (
					"DEBUG=1",
					"$(inherited)",
				);
				GCC_WARN_64_TO_32_BIT_CONVERSION = YES;
				GCC_WARN_ABOUT_RETURN_TYPE = YES_ERROR;
				GCC_WARN_UNDECLARED_SELECTOR = YES;
				GCC_WARN_UNINITIALIZED_AUTOS = YES_AGGRESSIVE;
				GCC_WARN_UNUSED_FUNCTION = YES;
				GCC_WARN_UNUSED_VARIABLE = YES;
				IPHONEOS_DEPLOYMENT_TARGET = 12.1;
				MTL_ENABLE_DEBUG_INFO = INCLUDE_SOURCE;
				MTL_FAST_MATH = YES;
				ONLY_ACTIVE_ARCH = YES;
				SDKROOT = iphoneos;
				SWIFT_ACTIVE_COMPILATION_CONDITIONS = DEBUG;
				SWIFT_OPTIMIZATION_LEVEL = "-Onone";
			};
			name = Debug;
		};
		D4EEB06D219451D500F86DFA /* Release */ = {
			isa = XCBuildConfiguration;
			buildSettings = {
				ALWAYS_SEARCH_USER_PATHS = NO;
				CLANG_ANALYZER_NONNULL = YES;
				CLANG_ANALYZER_NUMBER_OBJECT_CONVERSION = YES_AGGRESSIVE;
				CLANG_CXX_LANGUAGE_STANDARD = "gnu++14";
				CLANG_CXX_LIBRARY = "libc++";
				CLANG_ENABLE_MODULES = YES;
				CLANG_ENABLE_OBJC_ARC = YES;
				CLANG_ENABLE_OBJC_WEAK = YES;
				CLANG_WARN_BLOCK_CAPTURE_AUTORELEASING = YES;
				CLANG_WARN_BOOL_CONVERSION = YES;
				CLANG_WARN_COMMA = YES;
				CLANG_WARN_CONSTANT_CONVERSION = YES;
				CLANG_WARN_DEPRECATED_OBJC_IMPLEMENTATIONS = YES;
				CLANG_WARN_DIRECT_OBJC_ISA_USAGE = YES_ERROR;
				CLANG_WARN_DOCUMENTATION_COMMENTS = YES;
				CLANG_WARN_EMPTY_BODY = YES;
				CLANG_WARN_ENUM_CONVERSION = YES;
				CLANG_WARN_INFINITE_RECURSION = YES;
				CLANG_WARN_INT_CONVERSION = YES;
				CLANG_WARN_NON_LITERAL_NULL_CONVERSION = YES;
				CLANG_WARN_OBJC_IMPLICIT_RETAIN_SELF = YES;
				CLANG_WARN_OBJC_LITERAL_CONVERSION = YES;
				CLANG_WARN_OBJC_ROOT_CLASS = YES_ERROR;
				CLANG_WARN_RANGE_LOOP_ANALYSIS = YES;
				CLANG_WARN_STRICT_PROTOTYPES = YES;
				CLANG_WARN_SUSPICIOUS_MOVE = YES;
				CLANG_WARN_UNGUARDED_AVAILABILITY = YES_AGGRESSIVE;
				CLANG_WARN_UNREACHABLE_CODE = YES;
				CLANG_WARN__DUPLICATE_METHOD_MATCH = YES;
				CODE_SIGN_IDENTITY = "iPhone Developer";
				COPY_PHASE_STRIP = NO;
				DEBUG_INFORMATION_FORMAT = "dwarf-with-dsym";
				ENABLE_NS_ASSERTIONS = NO;
				ENABLE_STRICT_OBJC_MSGSEND = YES;
				GCC_C_LANGUAGE_STANDARD = gnu11;
				GCC_NO_COMMON_BLOCKS = YES;
				GCC_WARN_64_TO_32_BIT_CONVERSION = YES;
				GCC_WARN_ABOUT_RETURN_TYPE = YES_ERROR;
				GCC_WARN_UNDECLARED_SELECTOR = YES;
				GCC_WARN_UNINITIALIZED_AUTOS = YES_AGGRESSIVE;
				GCC_WARN_UNUSED_FUNCTION = YES;
				GCC_WARN_UNUSED_VARIABLE = YES;
				IPHONEOS_DEPLOYMENT_TARGET = 12.1;
				MTL_ENABLE_DEBUG_INFO = NO;
				MTL_FAST_MATH = YES;
				SDKROOT = iphoneos;
				SWIFT_COMPILATION_MODE = wholemodule;
				SWIFT_OPTIMIZATION_LEVEL = "-O";
				VALIDATE_PRODUCT = YES;
			};
			name = Release;
		};
		D4EEB06F219451D500F86DFA /* Debug */ = {
			isa = XCBuildConfiguration;
			buildSettings = {
				ASSETCATALOG_COMPILER_APPICON_NAME = AppIcon;
				CODE_SIGN_STYLE = Automatic;
				DEVELOPMENT_TEAM = WWQLM7TQAZ;
				INFOPLIST_FILE = "Examen 212/Info.plist";
				LD_RUNPATH_SEARCH_PATHS = (
					"$(inherited)",
					"@executable_path/Frameworks",
				);
				PRODUCT_BUNDLE_IDENTIFIER = "es.upm.iweb.Examen-212";
				PRODUCT_NAME = "$(TARGET_NAME)";
				SWIFT_VERSION = 4.2;
				TARGETED_DEVICE_FAMILY = "1,2";
			};
			name = Debug;
		};
		D4EEB070219451D500F86DFA /* Release */ = {
			isa = XCBuildConfiguration;
			buildSettings = {
				ASSETCATALOG_COMPILER_APPICON_NAME = AppIcon;
				CODE_SIGN_STYLE = Automatic;
				DEVELOPMENT_TEAM = WWQLM7TQAZ;
				INFOPLIST_FILE = "Examen 212/Info.plist";
				LD_RUNPATH_SEARCH_PATHS = (
					"$(inherited)",
					"@executable_path/Frameworks",
				);
				PRODUCT_BUNDLE_IDENTIFIER = "es.upm.iweb.Examen-212";
				PRODUCT_NAME = "$(TARGET_NAME)";
				SWIFT_VERSION = 4.2;
				TARGETED_DEVICE_FAMILY = "1,2";
			};
			name = Release;
		};
/* End XCBuildConfiguration section */

/* Begin XCConfigurationList section */
		D4EEB057219451D300F86DFA /* Build configuration list for PBXProject "Examen 212" */ = {
			isa = XCConfigurationList;
			buildConfigurations = (
				D4EEB06C219451D500F86DFA /* Debug */,
				D4EEB06D219451D500F86DFA /* Release */,
			);
			defaultConfigurationIsVisible = 0;
			defaultConfigurationName = Release;
		};
		D4EEB06E219451D500F86DFA /* Build configuration list for PBXNativeTarget "Examen 212" */ = {
			isa = XCConfigurationList;
			buildConfigurations = (
				D4EEB06F219451D500F86DFA /* Debug */,
				D4EEB070219451D500F86DFA /* Release */,
			);
			defaultConfigurationIsVisible = 0;
			defaultConfigurationName = Release;
		};
/* End XCConfigurationList section */
	};
	rootObject = D4EEB054219451D300F86DFA /* Project object */;
}
